{
  "name": "string-kernel",
  "version": "1.0.0",
  "lockfileVersion": 2,
  "requires": true,
  "packages": {
    "": {
      "name": "string-kernel",
      "version": "1.0.0",
      "license": "MIT",
      "dependencies": {
        "csv": "^6.2.8",
        "range-minimum-query": "^0.0.2",
        "string-algorithms": "^1.0.31"
      }
    },
    "node_modules/bit-twiddle": {
      "version": "0.0.2",
      "resolved": "https://registry.npmjs.org/bit-twiddle/-/bit-twiddle-0.0.2.tgz",
      "integrity": "sha512-76iFAOrkcuw5UPA30Pt32XaytMHXz/04JembgIwsQAp7ImHYSWNq1shBbrlWf6CUvh1+amQ81LI8hNhqQgsBEw=="
    },
    "node_modules/cartesian-tree": {
      "version": "0.0.0",
      "resolved": "https://registry.npmjs.org/cartesian-tree/-/cartesian-tree-0.0.0.tgz",
      "integrity": "sha512-G6LYVyHUN6z/S5Yrrf9WtnmYYU5sqIBdRy6maOr1Qz3WDnSX29DtQb/rOFkl/AiFIUacPfP4rSFWyoyvYJxlpA=="
    },
    "node_modules/csv": {
      "version": "6.2.8",
      "resolved": "https://registry.npmjs.org/csv/-/csv-6.2.8.tgz",
      "integrity": "sha512-QGemEqFr5XgbHcufWwO+qnReFhClbd+6WywKDVqEXmRfGrJHl5fRrlphZUnsky2YAwcCxYJJilPUfaWbuBMfWA==",
      "dependencies": {
        "csv-generate": "^4.2.2",
        "csv-parse": "^5.3.6",
        "csv-stringify": "^6.3.0",
        "stream-transform": "^3.2.2"
      },
      "engines": {
        "node": ">= 0.1.90"
      }
    },
    "node_modules/csv-generate": {
      "version": "4.2.2",
      "resolved": "https://registry.npmjs.org/csv-generate/-/csv-generate-4.2.2.tgz",
      "integrity": "sha512-Ah/NcMxHMqwQsuL173yp8EOzHrbLh8iyScqTy990b+TJZNjHhy7gs5FfSmyQ2arLC2QVrueO3DYJVQnibJB3WQ=="
    },
    "node_modules/csv-parse": {
      "version": "5.3.6",
      "resolved": "https://registry.npmjs.org/csv-parse/-/csv-parse-5.3.6.tgz",
      "integrity": "sha512-WI330GjCuEioK/ii8HM2YE/eV+ynpeLvU+RXw4R8bRU8R0laK5zO3fDsc4gH8s472e3Ga38rbIjCAiQh+tEHkw=="
    },
    "node_modules/csv-stringify": {
      "version": "6.3.0",
      "resolved": "https://registry.npmjs.org/csv-stringify/-/csv-stringify-6.3.0.tgz",
      "integrity": "sha512-kTnnBkkLmAR1G409aUdShppWUClNbBQZXhrKrXzKYBGw4yfROspiFvVmjbKonCrdGfwnqwMXKLQG7ej7K/jwjg=="
    },
    "node_modules/dup": {
      "version": "0.0.0",
      "resolved": "https://registry.npmjs.org/dup/-/dup-0.0.0.tgz",
      "integrity": "sha512-gfPVn3o0/vNDPsVcLGQqwrVXBELWi4EyIo+Pl6ImnYpXEHbfGPfc6m5bfJlBQI8dr8d8A4AlDaH/inn331GIEA=="
    },
    "node_modules/least-common-ancestor": {
      "version": "0.1.0",
      "resolved": "https://registry.npmjs.org/least-common-ancestor/-/least-common-ancestor-0.1.0.tgz",
      "integrity": "sha512-sl2IJNmZUVSPoEXx+BrvOU4JitP+tCv4hxf1+y5/zTGEJwRDPFw7LQJHPDh9OipEbM6BRLLyvyhQQhKS7WEA3w==",
      "dependencies": {
        "bit-twiddle": "~0.0.2",
        "dup": "~0.0.0",
        "weakmap": "~0.0.6"
      }
    },
    "node_modules/range-minimum-query": {
      "version": "0.0.2",
      "resolved": "https://registry.npmjs.org/range-minimum-query/-/range-minimum-query-0.0.2.tgz",
      "integrity": "sha512-K+Zn1FioUDWUAvgcqFDBbWF3BOWwh7JPF/TD8NaqwhGp7dMeLAcU1U2WXApRlPP6RFozeyg5k5jhBasSYl8M7A==",
      "dependencies": {
        "cartesian-tree": "^0.0.0",
        "least-common-ancestor": "^0.1.0"
      }
    },
    "node_modules/stream-transform": {
      "version": "3.2.2",
      "resolved": "https://registry.npmjs.org/stream-transform/-/stream-transform-3.2.2.tgz",
      "integrity": "sha512-DHZQPNxvjU2qdQlGcpitn8pkJHQVTqdshtgXaLz6Vc5VCAognbGuuwGS5ugeqGVnyw8j4h89QcV8cwm0D1+V0A=="
    },
    "node_modules/string-algorithms": {
      "version": "1.0.31",
      "resolved": "https://registry.npmjs.org/string-algorithms/-/string-algorithms-1.0.31.tgz",
      "integrity": "sha512-v+gdi7yfXsSGj2RU64AMR8LJyBnwpDSuJLsQxezu9ZgdYZF+g5vEGyuCeN47OoAObrEvt8VFKmj3NYCzXRBbnw=="
    },
    "node_modules/weakmap": {
      "version": "0.0.6",
      "resolved": "https://registry.npmjs.org/weakmap/-/weakmap-0.0.6.tgz",
      "integrity": "sha512-8K1PqhM8v9iBkvaxZSrCjlKj1HhVQQAOtkpN3mkptKgXopLb64q5l8vXDiK8R9NYT4MYiwmAyIlK3KqmrOHQpw=="
    }
  },
  "dependencies": {
    "bit-twiddle": {
      "version": "0.0.2",
      "resolved": "https://registry.npmjs.org/bit-twiddle/-/bit-twiddle-0.0.2.tgz",
      "integrity": "sha512-76iFAOrkcuw5UPA30Pt32XaytMHXz/04JembgIwsQAp7ImHYSWNq1shBbrlWf6CUvh1+amQ81LI8hNhqQgsBEw=="
    },
    "cartesian-tree": {
      "version": "0.0.0",
      "resolved": "https://registry.npmjs.org/cartesian-tree/-/cartesian-tree-0.0.0.tgz",
      "integrity": "sha512-G6LYVyHUN6z/S5Yrrf9WtnmYYU5sqIBdRy6maOr1Qz3WDnSX29DtQb/rOFkl/AiFIUacPfP4rSFWyoyvYJxlpA=="
    },
    "csv": {
      "version": "6.2.8",
      "resolved": "https://registry.npmjs.org/csv/-/csv-6.2.8.tgz",
      "integrity": "sha512-QGemEqFr5XgbHcufWwO+qnReFhClbd+6WywKDVqEXmRfGrJHl5fRrlphZUnsky2YAwcCxYJJilPUfaWbuBMfWA==",
      "requires": {
        "csv-generate": "^4.2.2",
        "csv-parse": "^5.3.6",
        "csv-stringify": "^6.3.0",
        "stream-transform": "^3.2.2"
      }
    },
    "csv-generate": {
      "version": "4.2.2",
      "resolved": "https://registry.npmjs.org/csv-generate/-/csv-generate-4.2.2.tgz",
      "integrity": "sha512-Ah/NcMxHMqwQsuL173yp8EOzHrbLh8iyScqTy990b+TJZNjHhy7gs5FfSmyQ2arLC2QVrueO3DYJVQnibJB3WQ=="
    },
    "csv-parse": {
      "version": "5.3.6",
      "resolved": "https://registry.npmjs.org/csv-parse/-/csv-parse-5.3.6.tgz",
      "integrity": "sha512-WI330GjCuEioK/ii8HM2YE/eV+ynpeLvU+RXw4R8bRU8R0laK5zO3fDsc4gH8s472e3Ga38rbIjCAiQh+tEHkw=="
    },
    "csv-stringify": {
      "version": "6.3.0",
      "resolved": "https://registry.npmjs.org/csv-stringify/-/csv-stringify-6.3.0.tgz",
      "integrity": "sha512-kTnnBkkLmAR1G409aUdShppWUClNbBQZXhrKrXzKYBGw4yfROspiFvVmjbKonCrdGfwnqwMXKLQG7ej7K/jwjg=="
    },
    "dup": {
      "version": "0.0.0",
      "resolved": "https://registry.npmjs.org/dup/-/dup-0.0.0.tgz",
      "integrity": "sha512-gfPVn3o0/vNDPsVcLGQqwrVXBELWi4EyIo+Pl6ImnYpXEHbfGPfc6m5bfJlBQI8dr8d8A4AlDaH/inn331GIEA=="
    },
    "least-common-ancestor": {
      "version": "0.1.0",
      "resolved": "https://registry.npmjs.org/least-common-ancestor/-/least-common-ancestor-0.1.0.tgz",
      "integrity": "sha512-sl2IJNmZUVSPoEXx+BrvOU4JitP+tCv4hxf1+y5/zTGEJwRDPFw7LQJHPDh9OipEbM6BRLLyvyhQQhKS7WEA3w==",
      "requires": {
        "bit-twiddle": "~0.0.2",
        "dup": "~0.0.0",
        "weakmap": "~0.0.6"
      }
    },
    "range-minimum-query": {
      "version": "0.0.2",
      "resolved": "https://registry.npmjs.org/range-minimum-query/-/range-minimum-query-0.0.2.tgz",
      "integrity": "sha512-K+Zn1FioUDWUAvgcqFDBbWF3BOWwh7JPF/TD8NaqwhGp7dMeLAcU1U2WXApRlPP6RFozeyg5k5jhBasSYl8M7A==",
      "requires": {
        "cartesian-tree": "^0.0.0",
        "least-common-ancestor": "^0.1.0"
      }
    },
    "stream-transform": {
      "version": "3.2.2",
      "resolved": "https://registry.npmjs.org/stream-transform/-/stream-transform-3.2.2.tgz",
      "integrity": "sha512-DHZQPNxvjU2qdQlGcpitn8pkJHQVTqdshtgXaLz6Vc5VCAognbGuuwGS5ugeqGVnyw8j4h89QcV8cwm0D1+V0A=="
    },
    "string-algorithms": {
      "version": "1.0.31",
      "resolved": "https://registry.npmjs.org/string-algorithms/-/string-algorithms-1.0.31.tgz",
      "integrity": "sha512-v+gdi7yfXsSGj2RU64AMR8LJyBnwpDSuJLsQxezu9ZgdYZF+g5vEGyuCeN47OoAObrEvt8VFKmj3NYCzXRBbnw=="
    },
    "weakmap": {
      "version": "0.0.6",
      "resolved": "https://registry.npmjs.org/weakmap/-/weakmap-0.0.6.tgz",
      "integrity": "sha512-8K1PqhM8v9iBkvaxZSrCjlKj1HhVQQAOtkpN3mkptKgXopLb64q5l8vXDiK8R9NYT4MYiwmAyIlK3KqmrOHQpw=="
    }
  }
}
